
Microsoft Visual Studio Solution File, Format Version 12.00
# Visual Studio 15
Project("{FAE04EC0-301F-11D3-BF4B-00C04F79EFBC}") = "Assembly-CSharp", "Assembly-CSharp.csproj", "{11AFA67F-FFB6-0C79-BD0A-F5404BDED799}"
EndProject
Project("{FAE04EC0-301F-11D3-BF4B-00C04F79EFBC}") = "Assembly-CSharp-Editor", "Assembly-CSharp-Editor.csproj", "{EEF142FB-1CAD-8B71-E795-E1119D856325}"
EndProject
Global
	GlobalSection(SolutionConfigurationPlatforms) = preSolution
		Debug|Any CPU = Debug|Any CPU
		Release|Any CPU = Release|Any CPU
	EndGlobalSection
	GlobalSection(ProjectConfigurationPlatforms) = postSolution
		{11AFA67F-FFB6-0C79-BD0A-F5404BDED799}.Debug|Any CPU.ActiveCfg = Debug|Any CPU
		{11AFA67F-FFB6-0C79-BD0A-F5404BDED799}.Debug|Any CPU.Build.0 = Debug|Any CPU
		{11AFA67F-FFB6-0C79-BD0A-F5404BDED799}.Release|Any CPU.ActiveCfg = Release|Any CPU
		{11AFA67F-FFB6-0C79-BD0A-F5404BDED799}.Release|Any CPU.Build.0 = Release|Any CPU
		{EEF142FB-1CAD-8B71-E795-E1119D856325}.Debug|Any CPU.ActiveCfg = Debug|Any CPU
		{EEF142FB-1CAD-8B71-E795-E1119D856325}.Debug|Any CPU.Build.0 = Debug|Any CPU
		{EEF142FB-1CAD-8B71-E795-E1119D856325}.Release|Any CPU.ActiveCfg = Release|Any CPU
		{EEF142FB-1CAD-8B71-E795-E1119D856325}.Release|Any CPU.Build.0 = Release|Any CPU
	EndGlobalSection
	GlobalSection(SolutionProperties) = preSolution
		HideSolutionNode = FALSE
	EndGlobalSection
EndGlobal
